
Microsoft Visual Studio Solution File, Format Version 12.00
# Visual Studio Version 17
VisualStudioVersion = 17.1.32210.238
MinimumVisualStudioVersion = 10.0.40219.1
Project("{FAE04EC0-301F-11D3-BF4B-00C04F79EFBC}") = "AddressBookSystem", "AddressBookSystem.csproj", "{0FEB915E-57DC-4317-BFBF-45964B8E1E4A}"
EndProject
Global
	GlobalSection(SolutionConfigurationPlatforms) = preSolution
		Debug|Any CPU = Debug|Any CPU
		Release|Any CPU = Release|Any CPU
	EndGlobalSection
	GlobalSection(ProjectConfigurationPlatforms) = postSolution
		{0FEB915E-57DC-4317-BFBF-45964B8E1E4A}.Debug|Any CPU.ActiveCfg = Debug|Any CPU
		{0FEB915E-57DC-4317-BFBF-45964B8E1E4A}.Debug|Any CPU.Build.0 = Debug|Any CPU
		{0FEB915E-57DC-4317-BFBF-45964B8E1E4A}.Release|Any CPU.ActiveCfg = Release|Any CPU
		{0FEB915E-57DC-4317-BFBF-45964B8E1E4A}.Release|Any CPU.Build.0 = Release|Any CPU
	EndGlobalSection
	GlobalSection(SolutionProperties) = preSolution
		HideSolutionNode = FALSE
	EndGlobalSection
	GlobalSection(ExtensibilityGlobals) = postSolution
		SolutionGuid = {F57AE75F-AE56-4046-8053-5BDECEC589EC}
	EndGlobalSection
EndGlobal
